
Microsoft Visual Studio Solution File, Format Version 12.00
# Visual Studio 15
VisualStudioVersion = 15.0.27428.2027
MinimumVisualStudioVersion = 10.0.40219.1
Project("{FAE04EC0-301F-11D3-BF4B-00C04F79EFBC}") = "Corralon Loma Blanca", "Corralon Loma Blanca\Corralon Loma Blanca.csproj", "{18F486FD-F147-42A8-98F5-2DAA6A926B4A}"
EndProject
Project("{54435603-DBB4-11D2-8724-00A0C9A8B90C}") = "Instalador Corralon Loma Blanca", "Instalador Corralon Loma Blanca\Instalador Corralon Loma Blanca.vdproj", "{7E6113FB-DD17-416D-A148-7B6C5DC16538}"
EndProject
Global
	GlobalSection(SolutionConfigurationPlatforms) = preSolution
		Debug|Any CPU = Debug|Any CPU
		Release|Any CPU = Release|Any CPU
	EndGlobalSection
	GlobalSection(ProjectConfigurationPlatforms) = postSolution
		{18F486FD-F147-42A8-98F5-2DAA6A926B4A}.Debug|Any CPU.ActiveCfg = Debug|Any CPU
		{18F486FD-F147-42A8-98F5-2DAA6A926B4A}.Debug|Any CPU.Build.0 = Debug|Any CPU
		{18F486FD-F147-42A8-98F5-2DAA6A926B4A}.Release|Any CPU.ActiveCfg = Release|Any CPU
		{18F486FD-F147-42A8-98F5-2DAA6A926B4A}.Release|Any CPU.Build.0 = Release|Any CPU
		{7E6113FB-DD17-416D-A148-7B6C5DC16538}.Debug|Any CPU.ActiveCfg = Debug
		{7E6113FB-DD17-416D-A148-7B6C5DC16538}.Release|Any CPU.ActiveCfg = Release
	EndGlobalSection
	GlobalSection(SolutionProperties) = preSolution
		HideSolutionNode = FALSE
	EndGlobalSection
	GlobalSection(ExtensibilityGlobals) = postSolution
		SolutionGuid = {B6632E61-1B96-44D3-96E8-D91D71A7DF71}
	EndGlobalSection
EndGlobal
